
Microsoft Visual Studio Solution File, Format Version 12.00
# Visual Studio 15
VisualStudioVersion = 15.0.28307.329
MinimumVisualStudioVersion = 10.0.40219.1
Project("{FAE04EC0-301F-11D3-BF4B-00C04F79EFBC}") = "helloworldproject", "helloworldproject\helloworldproject.csproj", "{3857AD2E-0828-47EF-8A74-BF03AB28A0AF}"
EndProject
Global
	GlobalSection(SolutionConfigurationPlatforms) = preSolution
		Debug|Any CPU = Debug|Any CPU
		Release|Any CPU = Release|Any CPU
	EndGlobalSection
	GlobalSection(ProjectConfigurationPlatforms) = postSolution
		{3857AD2E-0828-47EF-8A74-BF03AB28A0AF}.Debug|Any CPU.ActiveCfg = Debug|Any CPU
		{3857AD2E-0828-47EF-8A74-BF03AB28A0AF}.Debug|Any CPU.Build.0 = Debug|Any CPU
		{3857AD2E-0828-47EF-8A74-BF03AB28A0AF}.Release|Any CPU.ActiveCfg = Release|Any CPU
		{3857AD2E-0828-47EF-8A74-BF03AB28A0AF}.Release|Any CPU.Build.0 = Release|Any CPU
	EndGlobalSection
	GlobalSection(SolutionProperties) = preSolution
		HideSolutionNode = FALSE
	EndGlobalSection
	GlobalSection(ExtensibilityGlobals) = postSolution
		SolutionGuid = {CB590730-4DA1-490D-B9A0-321D341CA003}
	EndGlobalSection
EndGlobal
